// !$*UTF8*$!
{
	archiveVersion = 1;
	classes = {
	};
	objectVersion = 46;
	objects = {

/* Begin PBXBuildFile section */
		30605A4F1A9B1E470072CB48 /* AppDelegate.swift in Sources */ = {isa = PBXBuildFile; fileRef = 30605A4E1A9B1E470072CB48 /* AppDelegate.swift */; };
		30605A511A9B1E470072CB48 /* ViewController.swift in Sources */ = {isa = PBXBuildFile; fileRef = 30605A501A9B1E470072CB48 /* ViewController.swift */; };
		30605A541A9B1E470072CB48 /* Main.storyboard in Resources */ = {isa = PBXBuildFile; fileRef = 30605A521A9B1E470072CB48 /* Main.storyboard */; };
		30605A561A9B1E470072CB48 /* Images.xcassets in Resources */ = {isa = PBXBuildFile; fileRef = 30605A551A9B1E470072CB48 /* Images.xcassets */; };
		30605A591A9B1E470072CB48 /* LaunchScreen.xib in Resources */ = {isa = PBXBuildFile; fileRef = 30605A571A9B1E470072CB48 /* LaunchScreen.xib */; };
		30605A651A9B1E470072CB48 /* Cat_YearsTests.swift in Sources */ = {isa = PBXBuildFile; fileRef = 30605A641A9B1E470072CB48 /* Cat_YearsTests.swift */; };
		30605A711A9B24F90072CB48 /* cat.png in Resources */ = {isa = PBXBuildFile; fileRef = 30605A701A9B24F90072CB48 /* cat.png */; };
/* End PBXBuildFile section */

/* Begin PBXContainerItemProxy section */
		30605A5F1A9B1E470072CB48 /* PBXContainerItemProxy */ = {
			isa = PBXContainerItemProxy;
			containerPortal = 30605A411A9B1E470072CB48 /* Project object */;
			proxyType = 1;
			remoteGlobalIDString = 30605A481A9B1E470072CB48;
			remoteInfo = "Cat Years";
		};
/* End PBXContainerItemProxy section */

/* Begin PBXFileReference section */
		30605A491A9B1E470072CB48 /* Cat Years.app */ = {isa = PBXFileReference; explicitFileType = wrapper.application; includeInIndex = 0; path = "Cat Years.app"; sourceTree = BUILT_PRODUCTS_DIR; };
		30605A4D1A9B1E470072CB48 /* Info.plist */ = {isa = PBXFileReference; lastKnownFileType = text.plist.xml; path = Info.plist; sourceTree = "<group>"; };
		30605A4E1A9B1E470072CB48 /* AppDelegate.swift */ = {isa = PBXFileReference; lastKnownFileType = sourcecode.swift; path = AppDelegate.swift; sourceTree = "<group>"; };
		30605A501A9B1E470072CB48 /* ViewController.swift */ = {isa = PBXFileReference; lastKnownFileType = sourcecode.swift; path = ViewController.swift; sourceTree = "<group>"; };
		30605A531A9B1E470072CB48 /* Base */ = {isa = PBXFileReference; lastKnownFileType = file.storyboard; name = Base; path = Base.lproj/Main.storyboard; sourceTree = "<group>"; };
		30605A551A9B1E470072CB48 /* Images.xcassets */ = {isa = PBXFileReference; lastKnownFileType = folder.assetcatalog; path = Images.xcassets; sourceTree = "<group>"; };
		30605A581A9B1E470072CB48 /* Base */ = {isa = PBXFileReference; lastKnownFileType = file.xib; name = Base; path = Base.lproj/LaunchScreen.xib; sourceTree = "<group>"; };
		30605A5E1A9B1E470072CB48 /* Cat YearsTests.xctest */ = {isa = PBXFileReference; explicitFileType = wrapper.cfbundle; includeInIndex = 0; path = "Cat YearsTests.xctest"; sourceTree = BUILT_PRODUCTS_DIR; };
		30605A631A9B1E470072CB48 /* Info.plist */ = {isa = PBXFileReference; lastKnownFileType = text.plist.xml; path = Info.plist; sourceTree = "<group>"; };
		30605A641A9B1E470072CB48 /* Cat_YearsTests.swift */ = {isa = PBXFileReference; lastKnownFileType = sourcecode.swift; path = Cat_YearsTests.swift; sourceTree = "<group>"; };
		30605A701A9B24F90072CB48 /* cat.png */ = {isa = PBXFileReference; lastKnownFileType = image.png; path = cat.png; sourceTree = "<group>"; };
/* End PBXFileReference section */

/* Begin PBXFrameworksBuildPhase section */
		30605A461A9B1E470072CB48 /* Frameworks */ = {
			isa = PBXFrameworksBuildPhase;
			buildActionMask = 2147483647;
			files = (
			);
			runOnlyForDeploymentPostprocessing = 0;
		};
		30605A5B1A9B1E470072CB48 /* Frameworks */ = {
			isa = PBXFrameworksBuildPhase;
			buildActionMask = 2147483647;
			files = (
			);
			runOnlyForDeploymentPostprocessing = 0;
		};
/* End PBXFrameworksBuildPhase section */

/* Begin PBXGroup section */
		30605A401A9B1E470072CB48 = {
			isa = PBXGroup;
			children = (
				30605A4B1A9B1E470072CB48 /* Cat Years */,
				30605A611A9B1E470072CB48 /* Cat YearsTests */,
				30605A4A1A9B1E470072CB48 /* Products */,
			);
			sourceTree = "<group>";
		};
		30605A4A1A9B1E470072CB48 /* Products */ = {
			isa = PBXGroup;
			children = (
				30605A491A9B1E470072CB48 /* Cat Years.app */,
				30605A5E1A9B1E470072CB48 /* Cat YearsTests.xctest */,
			);
			name = Products;
			sourceTree = "<group>";
		};
		30605A4B1A9B1E470072CB48 /* Cat Years */ = {
			isa = PBXGroup;
			children = (
				30605A4E1A9B1E470072CB48 /* AppDelegate.swift */,
				30605A501A9B1E470072CB48 /* ViewController.swift */,
				30605A701A9B24F90072CB48 /* cat.png */,
				30605A521A9B1E470072CB48 /* Main.storyboard */,
				30605A551A9B1E470072CB48 /* Images.xcassets */,
				30605A571A9B1E470072CB48 /* LaunchScreen.xib */,
				30605A4C1A9B1E470072CB48 /* Supporting Files */,
			);
			path = "Cat Years";
			sourceTree = "<group>";
		};
		30605A4C1A9B1E470072CB48 /* Supporting Files */ = {
			isa = PBXGroup;
			children = (
				30605A4D1A9B1E470072CB48 /* Info.plist */,
			);
			name = "Supporting Files";
			sourceTree = "<group>";
		};
		30605A611A9B1E470072CB48 /* Cat YearsTests */ = {
			isa = PBXGroup;
			children = (
				30605A641A9B1E470072CB48 /* Cat_YearsTests.swift */,
				30605A621A9B1E470072CB48 /* Supporting Files */,
			);
			path = "Cat YearsTests";
			sourceTree = "<group>";
		};
		30605A621A9B1E470072CB48 /* Supporting Files */ = {
			isa = PBXGroup;
			children = (
				30605A631A9B1E470072CB48 /* Info.plist */,
			);
			name = "Supporting Files";
			sourceTree = "<group>";
		};
/* End PBXGroup section */

/* Begin PBXNativeTarget section */
		30605A481A9B1E470072CB48 /* Cat Years */ = {
			isa = PBXNativeTarget;
			buildConfigurationList = 30605A681A9B1E470072CB48 /* Build configuration list for PBXNativeTarget "Cat Years" */;
			buildPhases = (
				30605A451A9B1E470072CB48 /* Sources */,
				30605A461A9B1E470072CB48 /* Frameworks */,
				30605A471A9B1E470072CB48 /* Resources */,
			);
			buildRules = (
			);
			dependencies = (
			);
			name = "Cat Years";
			productName = "Cat Years";
			productReference = 30605A491A9B1E470072CB48 /* Cat Years.app */;
			productType = "com.apple.product-type.application";
		};
		30605A5D1A9B1E470072CB48 /* Cat YearsTests */ = {
			isa = PBXNativeTarget;
			buildConfigurationList = 30605A6B1A9B1E470072CB48 /* Build configuration list for PBXNativeTarget "Cat YearsTests" */;
			buildPhases = (
				30605A5A1A9B1E470072CB48 /* Sources */,
				30605A5B1A9B1E470072CB48 /* Frameworks */,
				30605A5C1A9B1E470072CB48 /* Resources */,
			);
			buildRules = (
			);
			dependencies = (
				30605A601A9B1E470072CB48 /* PBXTargetDependency */,
			);
			name = "Cat YearsTests";
			productName = "Cat YearsTests";
			productReference = 30605A5E1A9B1E470072CB48 /* Cat YearsTests.xctest */;
			productType = "com.apple.product-type.bundle.unit-test";
		};
/* End PBXNativeTarget section */

/* Begin PBXProject section */
		30605A411A9B1E470072CB48 /* Project object */ = {
			isa = PBXProject;
			attributes = {
				LastUpgradeCheck = 0610;
				ORGANIZATIONNAME = MS;
				TargetAttributes = {
					30605A481A9B1E470072CB48 = {
						CreatedOnToolsVersion = 6.1.1;
					};
					30605A5D1A9B1E470072CB48 = {
						CreatedOnToolsVersion = 6.1.1;
						TestTargetID = 30605A481A9B1E470072CB48;
					};
				};
			};
			buildConfigurationList = 30605A441A9B1E470072CB48 /* Build configuration list for PBXProject "Cat Years" */;
			compatibilityVersion = "Xcode 3.2";
			developmentRegion = English;
			hasScannedForEncodings = 0;
			knownRegions = (
				en,
				Base,
			);
			mainGroup = 30605A401A9B1E470072CB48;
			productRefGroup = 30605A4A1A9B1E470072CB48 /* Products */;
			projectDirPath = "";
			projectRoot = "";
			targets = (
				30605A481A9B1E470072CB48 /* Cat Years */,
				30605A5D1A9B1E470072CB48 /* Cat YearsTests */,
			);
		};
/* End PBXProject section */

/* Begin PBXResourcesBuildPhase section */
		30605A471A9B1E470072CB48 /* Resources */ = {
			isa = PBXResourcesBuildPhase;
			buildActionMask = 2147483647;
			files = (
				30605A541A9B1E470072CB48 /* Main.storyboard in Resources */,
				30605A591A9B1E470072CB48 /* LaunchScreen.xib in Resources */,
				30605A711A9B24F90072CB48 /* cat.png in Resources */,
				30605A561A9B1E470072CB48 /* Images.xcassets in Resources */,
			);
			runOnlyForDeploymentPostprocessing = 0;
		};
		30605A5C1A9B1E470072CB48 /* Resources */ = {
			isa = PBXResourcesBuildPhase;
			buildActionMask = 2147483647;
			files = (
			);
			runOnlyForDeploymentPostprocessing = 0;
		};
/* End PBXResourcesBuildPhase section */

/* Begin PBXSourcesBuildPhase section */
		30605A451A9B1E470072CB48 /* Sources */ = {
			isa = PBXSourcesBuildPhase;
			buildActionMask = 2147483647;
			files = (
				30605A511A9B1E470072CB48 /* ViewController.swift in Sources */,
				30605A4F1A9B1E470072CB48 /* AppDelegate.swift in Sources */,
			);
			runOnlyForDeploymentPostprocessing = 0;
		};
		30605A5A1A9B1E470072CB48 /* Sources */ = {
			isa = PBXSourcesBuildPhase;
			buildActionMask = 2147483647;
			files = (
				30605A651A9B1E470072CB48 /* Cat_YearsTests.swift in Sources */,
			);
			runOnlyForDeploymentPostprocessing = 0;
		};
/* End PBXSourcesBuildPhase section */

/* Begin PBXTargetDependency section */
		30605A601A9B1E470072CB48 /* PBXTargetDependency */ = {
			isa = PBXTargetDependency;
			target = 30605A481A9B1E470072CB48 /* Cat Years */;
			targetProxy = 30605A5F1A9B1E470072CB48 /* PBXContainerItemProxy */;
		};
/* End PBXTargetDependency section */

/* Begin PBXVariantGroup section */
		30605A521A9B1E470072CB48 /* Main.storyboard */ = {
			isa = PBXVariantGroup;
			children = (
				30605A531A9B1E470072CB48 /* Base */,
			);
			name = Main.storyboard;
			sourceTree = "<group>";
		};
		30605A571A9B1E470072CB48 /* LaunchScreen.xib */ = {
			isa = PBXVariantGroup;
			children = (
				30605A581A9B1E470072CB48 /* Base */,
			);
			name = LaunchScreen.xib;
			sourceTree = "<group>";
		};
/* End PBXVariantGroup section */

/* Begin XCBuildConfiguration section */
		30605A661A9B1E470072CB48 /* Debug */ = {
			isa = XCBuildConfiguration;
			buildSettings = {
				ALWAYS_SEARCH_USER_PATHS = NO;
				CLANG_CXX_LANGUAGE_STANDARD = "gnu++0x";
				CLANG_CXX_LIBRARY = "libc++";
				CLANG_ENABLE_MODULES = YES;
				CLANG_ENABLE_OBJC_ARC = YES;
				CLANG_WARN_BOOL_CONVERSION = YES;
				CLANG_WARN_CONSTANT_CONVERSION = YES;
				CLANG_WARN_DIRECT_OBJC_ISA_USAGE = YES_ERROR;
				CLANG_WARN_EMPTY_BODY = YES;
				CLANG_WARN_ENUM_CONVERSION = YES;
				CLANG_WARN_INT_CONVERSION = YES;
				CLANG_WARN_OBJC_ROOT_CLASS = YES_ERROR;
				CLANG_WARN_UNREACHABLE_CODE = YES;
				CLANG_WARN__DUPLICATE_METHOD_MATCH = YES;
				"CODE_SIGN_IDENTITY[sdk=iphoneos*]" = "iPhone Developer";
				COPY_PHASE_STRIP = NO;
				ENABLE_STRICT_OBJC_MSGSEND = YES;
				GCC_C_LANGUAGE_STANDARD = gnu99;
				GCC_DYNAMIC_NO_PIC = NO;
				GCC_OPTIMIZATION_LEVEL = 0;
				GCC_PREPROCESSOR_DEFINITIONS = (
					"DEBUG=1",
					"$(inherited)",
				);
				GCC_SYMBOLS_PRIVATE_EXTERN = NO;
				GCC_WARN_64_TO_32_BIT_CONVERSION = YES;
				GCC_WARN_ABOUT_RETURN_TYPE = YES_ERROR;
				GCC_WARN_UNDECLARED_SELECTOR = YES;
				GCC_WARN_UNINITIALIZED_AUTOS = YES_AGGRESSIVE;
				GCC_WARN_UNUSED_FUNCTION = YES;
				GCC_WARN_UNUSED_VARIABLE = YES;
				IPHONEOS_DEPLOYMENT_TARGET = 8.1;
				MTL_ENABLE_DEBUG_INFO = YES;
				ONLY_ACTIVE_ARCH = YES;
				SDKROOT = iphoneos;
				SWIFT_OPTIMIZATION_LEVEL = "-Onone";
			};
			name = Debug;
		};
		30605A671A9B1E470072CB48 /* Release */ = {
			isa = XCBuildConfiguration;
			buildSettings = {
				ALWAYS_SEARCH_USER_PATHS = NO;
				CLANG_CXX_LANGUAGE_STANDARD = "gnu++0x";
				CLANG_CXX_LIBRARY = "libc++";
				CLANG_ENABLE_MODULES = YES;
				CLANG_ENABLE_OBJC_ARC = YES;
				CLANG_WARN_BOOL_CONVERSION = YES;
				CLANG_WARN_CONSTANT_CONVERSION = YES;
				CLANG_WARN_DIRECT_OBJC_ISA_USAGE = YES_ERROR;
				CLANG_WARN_EMPTY_BODY = YES;
				CLANG_WARN_ENUM_CONVERSION = YES;
				CLANG_WARN_INT_CONVERSION = YES;
				CLANG_WARN_OBJC_ROOT_CLASS = YES_ERROR;
				CLANG_WARN_UNREACHABLE_CODE = YES;
				CLANG_WARN__DUPLICATE_METHOD_MATCH = YES;
				"CODE_SIGN_IDENTITY[sdk=iphoneos*]" = "iPhone Developer";
				COPY_PHASE_STRIP = YES;
				ENABLE_NS_ASSERTIONS = NO;
				ENABLE_STRICT_OBJC_MSGSEND = YES;
				GCC_C_LANGUAGE_STANDARD = gnu99;
				GCC_WARN_64_TO_32_BIT_CONVERSION = YES;
				GCC_WARN_ABOUT_RETURN_TYPE = YES_ERROR;
				GCC_WARN_UNDECLARED_SELECTOR = YES;
				GCC_WARN_UNINITIALIZED_AUTOS = YES_AGGRESSIVE;
				GCC_WARN_UNUSED_FUNCTION = YES;
				GCC_WARN_UNUSED_VARIABLE = YES;
				IPHONEOS_DEPLOYMENT_TARGET = 8.1;
				MTL_ENABLE_DEBUG_INFO = NO;
				SDKROOT = iphoneos;
				VALIDATE_PRODUCT = YES;
			};
			name = Release;
		};
		30605A691A9B1E470072CB48 /* Debug */ = {
			isa = XCBuildConfiguration;
			buildSettings = {
				ASSETCATALOG_COMPILER_APPICON_NAME = AppIcon;
				INFOPLIST_FILE = "Cat Years/Info.plist";
				LD_RUNPATH_SEARCH_PATHS = "$(inherited) @executable_path/Frameworks";
				PRODUCT_NAME = "$(TARGET_NAME)";
			};
			name = Debug;
		};
		30605A6A1A9B1E470072CB48 /* Release */ = {
			isa = XCBuildConfiguration;
			buildSettings = {
				ASSETCATALOG_COMPILER_APPICON_NAME = AppIcon;
				INFOPLIST_FILE = "Cat Years/Info.plist";
				LD_RUNPATH_SEARCH_PATHS = "$(inherited) @executable_path/Frameworks";
				PRODUCT_NAME = "$(TARGET_NAME)";
			};
			name = Release;
		};
		30605A6C1A9B1E470072CB48 /* Debug */ = {
			isa = XCBuildConfiguration;
			buildSettings = {
				BUNDLE_LOADER = "$(TEST_HOST)";
				FRAMEWORK_SEARCH_PATHS = (
					"$(SDKROOT)/Developer/Library/Frameworks",
					"$(inherited)",
				);
				GCC_PREPROCESSOR_DEFINITIONS = (
					"DEBUG=1",
					"$(inherited)",
				);
				INFOPLIST_FILE = "Cat YearsTests/Info.plist";
				LD_RUNPATH_SEARCH_PATHS = "$(inherited) @executable_path/Frameworks @loader_path/Frameworks";
				PRODUCT_NAME = "$(TARGET_NAME)";
				TEST_HOST = "$(BUILT_PRODUCTS_DIR)/Cat Years.app/Cat Years";
			};
			name = Debug;
		};
		30605A6D1A9B1E470072CB48 /* Release */ = {
			isa = XCBuildConfiguration;
			buildSettings = {
				BUNDLE_LOADER = "$(TEST_HOST)";
				FRAMEWORK_SEARCH_PATHS = (
					"$(SDKROOT)/Developer/Library/Frameworks",
					"$(inherited)",
				);
				INFOPLIST_FILE = "Cat YearsTests/Info.plist";
				LD_RUNPATH_SEARCH_PATHS = "$(inherited) @executable_path/Frameworks @loader_path/Frameworks";
				PRODUCT_NAME = "$(TARGET_NAME)";
				TEST_HOST = "$(BUILT_PRODUCTS_DIR)/Cat Years.app/Cat Years";
			};
			name = Release;
		};
/* End XCBuildConfiguration section */

/* Begin XCConfigurationList section */
		30605A441A9B1E470072CB48 /* Build configuration list for PBXProject "Cat Years" */ = {
			isa = XCConfigurationList;
			buildConfigurations = (
				30605A661A9B1E470072CB48 /* Debug */,
				30605A671A9B1E470072CB48 /* Release */,
			);
			defaultConfigurationIsVisible = 0;
			defaultConfigurationName = Release;
		};
		30605A681A9B1E470072CB48 /* Build configuration list for PBXNativeTarget "Cat Years" */ = {
			isa = XCConfigurationList;
			buildConfigurations = (
				30605A691A9B1E470072CB48 /* Debug */,
				30605A6A1A9B1E470072CB48 /* Release */,
			);
			defaultConfigurationIsVisible = 0;
		};
		30605A6B1A9B1E470072CB48 /* Build configuration list for PBXNativeTarget "Cat YearsTests" */ = {
			isa = XCConfigurationList;
			buildConfigurations = (
				30605A6C1A9B1E470072CB48 /* Debug */,
				30605A6D1A9B1E470072CB48 /* Release */,
			);
			defaultConfigurationIsVisible = 0;
		};
/* End XCConfigurationList section */
	};
	rootObject = 30605A411A9B1E470072CB48 /* Project object */;
}
